
Microsoft Visual Studio Solution File, Format Version 12.00
# Visual Studio Version 17
VisualStudioVersion = 17.7.34031.279
MinimumVisualStudioVersion = 10.0.40219.1
Project("{FAE04EC0-301F-11D3-BF4B-00C04F79EFBC}") = "UniversalEncryptionMachine", "UniversalEncryptionMachine\UniversalEncryptionMachine.csproj", "{89E8E5B1-F539-4EFA-9594-F566F2DB8807}"
EndProject
Global
	GlobalSection(SolutionConfigurationPlatforms) = preSolution
		Debug|Any CPU = Debug|Any CPU
		Release|Any CPU = Release|Any CPU
	EndGlobalSection
	GlobalSection(ProjectConfigurationPlatforms) = postSolution
		{89E8E5B1-F539-4EFA-9594-F566F2DB8807}.Debug|Any CPU.ActiveCfg = Debug|Any CPU
		{89E8E5B1-F539-4EFA-9594-F566F2DB8807}.Debug|Any CPU.Build.0 = Debug|Any CPU
		{89E8E5B1-F539-4EFA-9594-F566F2DB8807}.Release|Any CPU.ActiveCfg = Release|Any CPU
		{89E8E5B1-F539-4EFA-9594-F566F2DB8807}.Release|Any CPU.Build.0 = Release|Any CPU
	EndGlobalSection
	GlobalSection(SolutionProperties) = preSolution
		HideSolutionNode = FALSE
	EndGlobalSection
	GlobalSection(ExtensibilityGlobals) = postSolution
		SolutionGuid = {27861224-50AA-451F-92A3-2204752F59B0}
	EndGlobalSection
EndGlobal
